{
  "name": "ks",
  "version": "1.0.0",
  "lockfileVersion": 2,
  "requires": true,
  "packages": {
    "": {
      "name": "ks",
      "version": "1.0.0",
      "license": "ISC",
      "dependencies": {
        "kotlin": "^1.7.22"
      }
    },
    "node_modules/kotlin": {
      "version": "1.7.22",
      "resolved": "https://registry.npmjs.org/kotlin/-/kotlin-1.7.22.tgz",
      "integrity": "sha512-dB5Ns3DULFc4kCG8YUZ8cdDMZBueKcWuSjK0kQJHuoRSjzun6dVRcUzwufF37HoNNyPrkWZbr26wtSoA17+Kaw=="
    }
  },
  "dependencies": {
    "kotlin": {
      "version": "1.7.22",
      "resolved": "https://registry.npmjs.org/kotlin/-/kotlin-1.7.22.tgz",
      "integrity": "sha512-dB5Ns3DULFc4kCG8YUZ8cdDMZBueKcWuSjK0kQJHuoRSjzun6dVRcUzwufF37HoNNyPrkWZbr26wtSoA17+Kaw=="
    }
  }
}
